// !$*UTF8*$!
{
	archiveVersion = 1;
	classes = {
	};
	objectVersion = 46;
	objects = {

/* Begin PBXBuildFile section */
		745306321CE5962F00609C18 /* StreetArtViewAPI.swift in Sources */ = {isa = PBXBuildFile; fileRef = 745306311CE5962F00609C18 /* StreetArtViewAPI.swift */; };
		745306341CE5976C00609C18 /* ArtWork.swift in Sources */ = {isa = PBXBuildFile; fileRef = 745306331CE5976C00609C18 /* ArtWork.swift */; };
		745306371CE5A06E00609C18 /* ArtObjectCell.swift in Sources */ = {isa = PBXBuildFile; fileRef = 745306361CE5A06E00609C18 /* ArtObjectCell.swift */; };
		745306391CE5AF0C00609C18 /* Photo.swift in Sources */ = {isa = PBXBuildFile; fileRef = 745306381CE5AF0C00609C18 /* Photo.swift */; };
		7453063B1CE5E0B500609C18 /* DetailArtObjectViewController.swift in Sources */ = {isa = PBXBuildFile; fileRef = 7453063A1CE5E0B500609C18 /* DetailArtObjectViewController.swift */; };
		7453063D1CE5E7D100609C18 /* Location.swift in Sources */ = {isa = PBXBuildFile; fileRef = 7453063C1CE5E7D100609C18 /* Location.swift */; };
		7471BE591CE4D9CA00D16775 /* AppDelegate.swift in Sources */ = {isa = PBXBuildFile; fileRef = 7471BE581CE4D9CA00D16775 /* AppDelegate.swift */; };
		7471BE5B1CE4D9CA00D16775 /* ArtMapViewController.swift in Sources */ = {isa = PBXBuildFile; fileRef = 7471BE5A1CE4D9CA00D16775 /* ArtMapViewController.swift */; };
		7471BE5D1CE4D9CA00D16775 /* ArtListViewController.swift in Sources */ = {isa = PBXBuildFile; fileRef = 7471BE5C1CE4D9CA00D16775 /* ArtListViewController.swift */; };
		7471BE601CE4D9CA00D16775 /* Main.storyboard in Resources */ = {isa = PBXBuildFile; fileRef = 7471BE5E1CE4D9CA00D16775 /* Main.storyboard */; };
		7471BE621CE4D9CA00D16775 /* Assets.xcassets in Resources */ = {isa = PBXBuildFile; fileRef = 7471BE611CE4D9CA00D16775 /* Assets.xcassets */; };
		7471BE651CE4D9CA00D16775 /* LaunchScreen.storyboard in Resources */ = {isa = PBXBuildFile; fileRef = 7471BE631CE4D9CA00D16775 /* LaunchScreen.storyboard */; };
		7471BE701CE4D9CA00D16775 /* SwiftArtViewTests.swift in Sources */ = {isa = PBXBuildFile; fileRef = 7471BE6F1CE4D9CA00D16775 /* SwiftArtViewTests.swift */; };
		7471BE7B1CE4D9CA00D16775 /* SwiftArtViewUITests.swift in Sources */ = {isa = PBXBuildFile; fileRef = 7471BE7A1CE4D9CA00D16775 /* SwiftArtViewUITests.swift */; };
		74C058FC1CF1C12100BA6BB7 /* ArtFetcher.swift in Sources */ = {isa = PBXBuildFile; fileRef = 74C058FB1CF1C12100BA6BB7 /* ArtFetcher.swift */; };
		74C058FF1CF1C1C400BA6BB7 /* ArtWorksStorage.swift in Sources */ = {isa = PBXBuildFile; fileRef = 74C058FE1CF1C1C400BA6BB7 /* ArtWorksStorage.swift */; };
		74C059021CF1C32000BA6BB7 /* ArtworkRealm.swift in Sources */ = {isa = PBXBuildFile; fileRef = 74C059011CF1C32000BA6BB7 /* ArtworkRealm.swift */; };
		74C059041CF1C4D800BA6BB7 /* PhotoRealm.swift in Sources */ = {isa = PBXBuildFile; fileRef = 74C059031CF1C4D800BA6BB7 /* PhotoRealm.swift */; };
		74C059061CF1C52C00BA6BB7 /* LocationRealm.swift in Sources */ = {isa = PBXBuildFile; fileRef = 74C059051CF1C52C00BA6BB7 /* LocationRealm.swift */; };
		74C059081CF2067F00BA6BB7 /* Author.swift in Sources */ = {isa = PBXBuildFile; fileRef = 74C059071CF2067F00BA6BB7 /* Author.swift */; };
		74C0590A1CF20BE000BA6BB7 /* ArtWorkAnnotation.swift in Sources */ = {isa = PBXBuildFile; fileRef = 74C059091CF20BE000BA6BB7 /* ArtWorkAnnotation.swift */; };
		C29A4F281FED13E9E047EF0C /* Pods_SwiftArtView.framework in Frameworks */ = {isa = PBXBuildFile; fileRef = 7AB20178AA8360D0108354EA /* Pods_SwiftArtView.framework */; };
/* End PBXBuildFile section */

/* Begin PBXContainerItemProxy section */
		7471BE6C1CE4D9CA00D16775 /* PBXContainerItemProxy */ = {
			isa = PBXContainerItemProxy;
			containerPortal = 7471BE4D1CE4D9CA00D16775 /* Project object */;
			proxyType = 1;
			remoteGlobalIDString = 7471BE541CE4D9CA00D16775;
			remoteInfo = SwiftArtView;
		};
		7471BE771CE4D9CA00D16775 /* PBXContainerItemProxy */ = {
			isa = PBXContainerItemProxy;
			containerPortal = 7471BE4D1CE4D9CA00D16775 /* Project object */;
			proxyType = 1;
			remoteGlobalIDString = 7471BE541CE4D9CA00D16775;
			remoteInfo = SwiftArtView;
		};
/* End PBXContainerItemProxy section */

/* Begin PBXFileReference section */
		0E867DB2E5752008E14A8BA4 /* Pods-SwiftArtView.release.xcconfig */ = {isa = PBXFileReference; includeInIndex = 1; lastKnownFileType = text.xcconfig; name = "Pods-SwiftArtView.release.xcconfig"; path = "Pods/Target Support Files/Pods-SwiftArtView/Pods-SwiftArtView.release.xcconfig"; sourceTree = "<group>"; };
		1ECF371FDBBA304EE156A20B /* Pods-SwiftArtView.debug.xcconfig */ = {isa = PBXFileReference; includeInIndex = 1; lastKnownFileType = text.xcconfig; name = "Pods-SwiftArtView.debug.xcconfig"; path = "Pods/Target Support Files/Pods-SwiftArtView/Pods-SwiftArtView.debug.xcconfig"; sourceTree = "<group>"; };
		745306311CE5962F00609C18 /* StreetArtViewAPI.swift */ = {isa = PBXFileReference; fileEncoding = 4; lastKnownFileType = sourcecode.swift; path = StreetArtViewAPI.swift; sourceTree = "<group>"; };
		745306331CE5976C00609C18 /* ArtWork.swift */ = {isa = PBXFileReference; fileEncoding = 4; lastKnownFileType = sourcecode.swift; path = ArtWork.swift; sourceTree = "<group>"; };
		745306361CE5A06E00609C18 /* ArtObjectCell.swift */ = {isa = PBXFileReference; fileEncoding = 4; lastKnownFileType = sourcecode.swift; path = ArtObjectCell.swift; sourceTree = "<group>"; };
		745306381CE5AF0C00609C18 /* Photo.swift */ = {isa = PBXFileReference; fileEncoding = 4; lastKnownFileType = sourcecode.swift; path = Photo.swift; sourceTree = "<group>"; };
		7453063A1CE5E0B500609C18 /* DetailArtObjectViewController.swift */ = {isa = PBXFileReference; fileEncoding = 4; lastKnownFileType = sourcecode.swift; path = DetailArtObjectViewController.swift; sourceTree = "<group>"; };
		7453063C1CE5E7D100609C18 /* Location.swift */ = {isa = PBXFileReference; fileEncoding = 4; lastKnownFileType = sourcecode.swift; path = Location.swift; sourceTree = "<group>"; };
		7471BE551CE4D9CA00D16775 /* SwiftArtView.app */ = {isa = PBXFileReference; explicitFileType = wrapper.application; includeInIndex = 0; path = SwiftArtView.app; sourceTree = BUILT_PRODUCTS_DIR; };
		7471BE581CE4D9CA00D16775 /* AppDelegate.swift */ = {isa = PBXFileReference; lastKnownFileType = sourcecode.swift; path = AppDelegate.swift; sourceTree = "<group>"; };
		7471BE5A1CE4D9CA00D16775 /* ArtMapViewController.swift */ = {isa = PBXFileReference; lastKnownFileType = sourcecode.swift; path = ArtMapViewController.swift; sourceTree = "<group>"; };
		7471BE5C1CE4D9CA00D16775 /* ArtListViewController.swift */ = {isa = PBXFileReference; lastKnownFileType = sourcecode.swift; path = ArtListViewController.swift; sourceTree = "<group>"; };
		7471BE5F1CE4D9CA00D16775 /* Base */ = {isa = PBXFileReference; lastKnownFileType = file.storyboard; name = Base; path = Base.lproj/Main.storyboard; sourceTree = "<group>"; };
		7471BE611CE4D9CA00D16775 /* Assets.xcassets */ = {isa = PBXFileReference; lastKnownFileType = folder.assetcatalog; path = Assets.xcassets; sourceTree = "<group>"; };
		7471BE641CE4D9CA00D16775 /* Base */ = {isa = PBXFileReference; lastKnownFileType = file.storyboard; name = Base; path = Base.lproj/LaunchScreen.storyboard; sourceTree = "<group>"; };
		7471BE661CE4D9CA00D16775 /* Info.plist */ = {isa = PBXFileReference; lastKnownFileType = text.plist.xml; path = Info.plist; sourceTree = "<group>"; };
		7471BE6B1CE4D9CA00D16775 /* SwiftArtViewTests.xctest */ = {isa = PBXFileReference; explicitFileType = wrapper.cfbundle; includeInIndex = 0; path = SwiftArtViewTests.xctest; sourceTree = BUILT_PRODUCTS_DIR; };
		7471BE6F1CE4D9CA00D16775 /* SwiftArtViewTests.swift */ = {isa = PBXFileReference; lastKnownFileType = sourcecode.swift; path = SwiftArtViewTests.swift; sourceTree = "<group>"; };
		7471BE711CE4D9CA00D16775 /* Info.plist */ = {isa = PBXFileReference; lastKnownFileType = text.plist.xml; path = Info.plist; sourceTree = "<group>"; };
		7471BE761CE4D9CA00D16775 /* SwiftArtViewUITests.xctest */ = {isa = PBXFileReference; explicitFileType = wrapper.cfbundle; includeInIndex = 0; path = SwiftArtViewUITests.xctest; sourceTree = BUILT_PRODUCTS_DIR; };
		7471BE7A1CE4D9CA00D16775 /* SwiftArtViewUITests.swift */ = {isa = PBXFileReference; lastKnownFileType = sourcecode.swift; path = SwiftArtViewUITests.swift; sourceTree = "<group>"; };
		7471BE7C1CE4D9CA00D16775 /* Info.plist */ = {isa = PBXFileReference; lastKnownFileType = text.plist.xml; path = Info.plist; sourceTree = "<group>"; };
		74C058FB1CF1C12100BA6BB7 /* ArtFetcher.swift */ = {isa = PBXFileReference; fileEncoding = 4; lastKnownFileType = sourcecode.swift; path = ArtFetcher.swift; sourceTree = "<group>"; };
		74C058FE1CF1C1C400BA6BB7 /* ArtWorksStorage.swift */ = {isa = PBXFileReference; fileEncoding = 4; lastKnownFileType = sourcecode.swift; path = ArtWorksStorage.swift; sourceTree = "<group>"; };
		74C059011CF1C32000BA6BB7 /* ArtworkRealm.swift */ = {isa = PBXFileReference; fileEncoding = 4; lastKnownFileType = sourcecode.swift; path = ArtworkRealm.swift; sourceTree = "<group>"; };
		74C059031CF1C4D800BA6BB7 /* PhotoRealm.swift */ = {isa = PBXFileReference; fileEncoding = 4; lastKnownFileType = sourcecode.swift; path = PhotoRealm.swift; sourceTree = "<group>"; };
		74C059051CF1C52C00BA6BB7 /* LocationRealm.swift */ = {isa = PBXFileReference; fileEncoding = 4; lastKnownFileType = sourcecode.swift; path = LocationRealm.swift; sourceTree = "<group>"; };
		74C059071CF2067F00BA6BB7 /* Author.swift */ = {isa = PBXFileReference; fileEncoding = 4; lastKnownFileType = sourcecode.swift; path = Author.swift; sourceTree = "<group>"; };
		74C059091CF20BE000BA6BB7 /* ArtWorkAnnotation.swift */ = {isa = PBXFileReference; fileEncoding = 4; lastKnownFileType = sourcecode.swift; path = ArtWorkAnnotation.swift; sourceTree = "<group>"; };
		7AB20178AA8360D0108354EA /* Pods_SwiftArtView.framework */ = {isa = PBXFileReference; explicitFileType = wrapper.framework; includeInIndex = 0; path = Pods_SwiftArtView.framework; sourceTree = BUILT_PRODUCTS_DIR; };
/* End PBXFileReference section */

/* Begin PBXFrameworksBuildPhase section */
		7471BE521CE4D9CA00D16775 /* Frameworks */ = {
			isa = PBXFrameworksBuildPhase;
			buildActionMask = 2147483647;
			files = (
				C29A4F281FED13E9E047EF0C /* Pods_SwiftArtView.framework in Frameworks */,
			);
			runOnlyForDeploymentPostprocessing = 0;
		};
		7471BE681CE4D9CA00D16775 /* Frameworks */ = {
			isa = PBXFrameworksBuildPhase;
			buildActionMask = 2147483647;
			files = (
			);
			runOnlyForDeploymentPostprocessing = 0;
		};
		7471BE731CE4D9CA00D16775 /* Frameworks */ = {
			isa = PBXFrameworksBuildPhase;
			buildActionMask = 2147483647;
			files = (
			);
			runOnlyForDeploymentPostprocessing = 0;
		};
/* End PBXFrameworksBuildPhase section */

/* Begin PBXGroup section */
		745306351CE5A04900609C18 /* Views */ = {
			isa = PBXGroup;
			children = (
				745306361CE5A06E00609C18 /* ArtObjectCell.swift */,
				74C059091CF20BE000BA6BB7 /* ArtWorkAnnotation.swift */,
			);
			name = Views;
			sourceTree = "<group>";
		};
		7471BE4C1CE4D9CA00D16775 = {
			isa = PBXGroup;
			children = (
				7471BE571CE4D9CA00D16775 /* SwiftArtView */,
				7471BE6E1CE4D9CA00D16775 /* SwiftArtViewTests */,
				7471BE791CE4D9CA00D16775 /* SwiftArtViewUITests */,
				7471BE561CE4D9CA00D16775 /* Products */,
				D28E339D1F85827B514F0C43 /* Pods */,
				D40A9521979AA0D0F07C9AB0 /* Frameworks */,
			);
			sourceTree = "<group>";
		};
		7471BE561CE4D9CA00D16775 /* Products */ = {
			isa = PBXGroup;
			children = (
				7471BE551CE4D9CA00D16775 /* SwiftArtView.app */,
				7471BE6B1CE4D9CA00D16775 /* SwiftArtViewTests.xctest */,
				7471BE761CE4D9CA00D16775 /* SwiftArtViewUITests.xctest */,
			);
			name = Products;
			sourceTree = "<group>";
		};
		7471BE571CE4D9CA00D16775 /* SwiftArtView */ = {
			isa = PBXGroup;
			children = (
				74C059001CF1C2F300BA6BB7 /* Models */,
				745306351CE5A04900609C18 /* Views */,
				7471BE881CE4DA1400D16775 /* View Controllers */,
				74C058FD1CF1C1AD00BA6BB7 /* Storage */,
				74C058FA1CF1C0FF00BA6BB7 /* Network */,
				7471BE581CE4D9CA00D16775 /* AppDelegate.swift */,
				7471BE5E1CE4D9CA00D16775 /* Main.storyboard */,
				7471BE611CE4D9CA00D16775 /* Assets.xcassets */,
				7471BE631CE4D9CA00D16775 /* LaunchScreen.storyboard */,
				7471BE661CE4D9CA00D16775 /* Info.plist */,
			);
			path = SwiftArtView;
			sourceTree = "<group>";
		};
		7471BE6E1CE4D9CA00D16775 /* SwiftArtViewTests */ = {
			isa = PBXGroup;
			children = (
				7471BE6F1CE4D9CA00D16775 /* SwiftArtViewTests.swift */,
				7471BE711CE4D9CA00D16775 /* Info.plist */,
			);
			path = SwiftArtViewTests;
			sourceTree = "<group>";
		};
		7471BE791CE4D9CA00D16775 /* SwiftArtViewUITests */ = {
			isa = PBXGroup;
			children = (
				7471BE7A1CE4D9CA00D16775 /* SwiftArtViewUITests.swift */,
				7471BE7C1CE4D9CA00D16775 /* Info.plist */,
			);
			path = SwiftArtViewUITests;
			sourceTree = "<group>";
		};
		7471BE881CE4DA1400D16775 /* View Controllers */ = {
			isa = PBXGroup;
			children = (
				7471BE5A1CE4D9CA00D16775 /* ArtMapViewController.swift */,
				7471BE5C1CE4D9CA00D16775 /* ArtListViewController.swift */,
				7453063A1CE5E0B500609C18 /* DetailArtObjectViewController.swift */,
			);
			name = "View Controllers";
			sourceTree = "<group>";
		};
		7471BE891CE4DA3100D16775 /* Models */ = {
			isa = PBXGroup;
			children = (
				745306331CE5976C00609C18 /* ArtWork.swift */,
				745306381CE5AF0C00609C18 /* Photo.swift */,
				7453063C1CE5E7D100609C18 /* Location.swift */,
				74C059071CF2067F00BA6BB7 /* Author.swift */,
			);
			name = Models;
			sourceTree = "<group>";
		};
		74C058FA1CF1C0FF00BA6BB7 /* Network */ = {
			isa = PBXGroup;
			children = (
				7471BE891CE4DA3100D16775 /* Models */,
				745306311CE5962F00609C18 /* StreetArtViewAPI.swift */,
				74C058FB1CF1C12100BA6BB7 /* ArtFetcher.swift */,
			);
			name = Network;
			sourceTree = "<group>";
		};
		74C058FD1CF1C1AD00BA6BB7 /* Storage */ = {
			isa = PBXGroup;
			children = (
				74C058FE1CF1C1C400BA6BB7 /* ArtWorksStorage.swift */,
			);
			name = Storage;
			sourceTree = "<group>";
		};
		74C059001CF1C2F300BA6BB7 /* Models */ = {
			isa = PBXGroup;
			children = (
				74C059011CF1C32000BA6BB7 /* ArtworkRealm.swift */,
				74C059031CF1C4D800BA6BB7 /* PhotoRealm.swift */,
				74C059051CF1C52C00BA6BB7 /* LocationRealm.swift */,
			);
			name = Models;
			sourceTree = "<group>";
		};
		D28E339D1F85827B514F0C43 /* Pods */ = {
			isa = PBXGroup;
			children = (
				1ECF371FDBBA304EE156A20B /* Pods-SwiftArtView.debug.xcconfig */,
				0E867DB2E5752008E14A8BA4 /* Pods-SwiftArtView.release.xcconfig */,
			);
			name = Pods;
			sourceTree = "<group>";
		};
		D40A9521979AA0D0F07C9AB0 /* Frameworks */ = {
			isa = PBXGroup;
			children = (
				7AB20178AA8360D0108354EA /* Pods_SwiftArtView.framework */,
			);
			name = Frameworks;
			sourceTree = "<group>";
		};
/* End PBXGroup section */

/* Begin PBXNativeTarget section */
		7471BE541CE4D9CA00D16775 /* SwiftArtView */ = {
			isa = PBXNativeTarget;
			buildConfigurationList = 7471BE7F1CE4D9CA00D16775 /* Build configuration list for PBXNativeTarget "SwiftArtView" */;
			buildPhases = (
				1EBE48FE37A2A59ADFD3327E /* 📦 Check Pods Manifest.lock */,
				7471BE511CE4D9CA00D16775 /* Sources */,
				7471BE521CE4D9CA00D16775 /* Frameworks */,
				7471BE531CE4D9CA00D16775 /* Resources */,
				05D22162D136B4EDB64CC2AE /* 📦 Embed Pods Frameworks */,
				5111B2DE7825A1C00DAA3D48 /* 📦 Copy Pods Resources */,
			);
			buildRules = (
			);
			dependencies = (
			);
			name = SwiftArtView;
			productName = SwiftArtView;
			productReference = 7471BE551CE4D9CA00D16775 /* SwiftArtView.app */;
			productType = "com.apple.product-type.application";
		};
		7471BE6A1CE4D9CA00D16775 /* SwiftArtViewTests */ = {
			isa = PBXNativeTarget;
			buildConfigurationList = 7471BE821CE4D9CA00D16775 /* Build configuration list for PBXNativeTarget "SwiftArtViewTests" */;
			buildPhases = (
				7471BE671CE4D9CA00D16775 /* Sources */,
				7471BE681CE4D9CA00D16775 /* Frameworks */,
				7471BE691CE4D9CA00D16775 /* Resources */,
			);
			buildRules = (
			);
			dependencies = (
				7471BE6D1CE4D9CA00D16775 /* PBXTargetDependency */,
			);
			name = SwiftArtViewTests;
			productName = SwiftArtViewTests;
			productReference = 7471BE6B1CE4D9CA00D16775 /* SwiftArtViewTests.xctest */;
			productType = "com.apple.product-type.bundle.unit-test";
		};
		7471BE751CE4D9CA00D16775 /* SwiftArtViewUITests */ = {
			isa = PBXNativeTarget;
			buildConfigurationList = 7471BE851CE4D9CA00D16775 /* Build configuration list for PBXNativeTarget "SwiftArtViewUITests" */;
			buildPhases = (
				7471BE721CE4D9CA00D16775 /* Sources */,
				7471BE731CE4D9CA00D16775 /* Frameworks */,
				7471BE741CE4D9CA00D16775 /* Resources */,
			);
			buildRules = (
			);
			dependencies = (
				7471BE781CE4D9CA00D16775 /* PBXTargetDependency */,
			);
			name = SwiftArtViewUITests;
			productName = SwiftArtViewUITests;
			productReference = 7471BE761CE4D9CA00D16775 /* SwiftArtViewUITests.xctest */;
			productType = "com.apple.product-type.bundle.ui-testing";
		};
/* End PBXNativeTarget section */

/* Begin PBXProject section */
		7471BE4D1CE4D9CA00D16775 /* Project object */ = {
			isa = PBXProject;
			attributes = {
				LastSwiftUpdateCheck = 0730;
				LastUpgradeCheck = 0730;
				ORGANIZATIONNAME = "street art view";
				TargetAttributes = {
					7471BE541CE4D9CA00D16775 = {
						CreatedOnToolsVersion = 7.3;
						DevelopmentTeam = 92H8QL466X;
					};
					7471BE6A1CE4D9CA00D16775 = {
						CreatedOnToolsVersion = 7.3;
						DevelopmentTeam = 92H8QL466X;
						TestTargetID = 7471BE541CE4D9CA00D16775;
					};
					7471BE751CE4D9CA00D16775 = {
						CreatedOnToolsVersion = 7.3;
						DevelopmentTeam = 92H8QL466X;
						TestTargetID = 7471BE541CE4D9CA00D16775;
					};
				};
			};
			buildConfigurationList = 7471BE501CE4D9CA00D16775 /* Build configuration list for PBXProject "SwiftArtView" */;
			compatibilityVersion = "Xcode 3.2";
			developmentRegion = English;
			hasScannedForEncodings = 0;
			knownRegions = (
				en,
				Base,
			);
			mainGroup = 7471BE4C1CE4D9CA00D16775;
			productRefGroup = 7471BE561CE4D9CA00D16775 /* Products */;
			projectDirPath = "";
			projectRoot = "";
			targets = (
				7471BE541CE4D9CA00D16775 /* SwiftArtView */,
				7471BE6A1CE4D9CA00D16775 /* SwiftArtViewTests */,
				7471BE751CE4D9CA00D16775 /* SwiftArtViewUITests */,
			);
		};
/* End PBXProject section */

/* Begin PBXResourcesBuildPhase section */
		7471BE531CE4D9CA00D16775 /* Resources */ = {
			isa = PBXResourcesBuildPhase;
			buildActionMask = 2147483647;
			files = (
				7471BE651CE4D9CA00D16775 /* LaunchScreen.storyboard in Resources */,
				7471BE621CE4D9CA00D16775 /* Assets.xcassets in Resources */,
				7471BE601CE4D9CA00D16775 /* Main.storyboard in Resources */,
			);
			runOnlyForDeploymentPostprocessing = 0;
		};
		7471BE691CE4D9CA00D16775 /* Resources */ = {
			isa = PBXResourcesBuildPhase;
			buildActionMask = 2147483647;
			files = (
			);
			runOnlyForDeploymentPostprocessing = 0;
		};
		7471BE741CE4D9CA00D16775 /* Resources */ = {
			isa = PBXResourcesBuildPhase;
			buildActionMask = 2147483647;
			files = (
			);
			runOnlyForDeploymentPostprocessing = 0;
		};
/* End PBXResourcesBuildPhase section */

/* Begin PBXShellScriptBuildPhase section */
		05D22162D136B4EDB64CC2AE /* 📦 Embed Pods Frameworks */ = {
			isa = PBXShellScriptBuildPhase;
			buildActionMask = 2147483647;
			files = (
			);
			inputPaths = (
			);
			name = "📦 Embed Pods Frameworks";
			outputPaths = (
			);
			runOnlyForDeploymentPostprocessing = 0;
			shellPath = /bin/sh;
			shellScript = "\"${SRCROOT}/Pods/Target Support Files/Pods-SwiftArtView/Pods-SwiftArtView-frameworks.sh\"\n";
			showEnvVarsInLog = 0;
		};
		1EBE48FE37A2A59ADFD3327E /* 📦 Check Pods Manifest.lock */ = {
			isa = PBXShellScriptBuildPhase;
			buildActionMask = 2147483647;
			files = (
			);
			inputPaths = (
			);
			name = "📦 Check Pods Manifest.lock";
			outputPaths = (
			);
			runOnlyForDeploymentPostprocessing = 0;
			shellPath = /bin/sh;
			shellScript = "diff \"${PODS_ROOT}/../Podfile.lock\" \"${PODS_ROOT}/Manifest.lock\" > /dev/null\nif [[ $? != 0 ]] ; then\n    cat << EOM\nerror: The sandbox is not in sync with the Podfile.lock. Run 'pod install' or update your CocoaPods installation.\nEOM\n    exit 1\nfi\n";
			showEnvVarsInLog = 0;
		};
		5111B2DE7825A1C00DAA3D48 /* 📦 Copy Pods Resources */ = {
			isa = PBXShellScriptBuildPhase;
			buildActionMask = 2147483647;
			files = (
			);
			inputPaths = (
			);
			name = "📦 Copy Pods Resources";
			outputPaths = (
			);
			runOnlyForDeploymentPostprocessing = 0;
			shellPath = /bin/sh;
			shellScript = "\"${SRCROOT}/Pods/Target Support Files/Pods-SwiftArtView/Pods-SwiftArtView-resources.sh\"\n";
			showEnvVarsInLog = 0;
		};
/* End PBXShellScriptBuildPhase section */

/* Begin PBXSourcesBuildPhase section */
		7471BE511CE4D9CA00D16775 /* Sources */ = {
			isa = PBXSourcesBuildPhase;
			buildActionMask = 2147483647;
			files = (
				745306391CE5AF0C00609C18 /* Photo.swift in Sources */,
				745306371CE5A06E00609C18 /* ArtObjectCell.swift in Sources */,
				745306321CE5962F00609C18 /* StreetArtViewAPI.swift in Sources */,
				7471BE5D1CE4D9CA00D16775 /* ArtListViewController.swift in Sources */,
				74C059021CF1C32000BA6BB7 /* ArtworkRealm.swift in Sources */,
				7453063D1CE5E7D100609C18 /* Location.swift in Sources */,
				74C058FF1CF1C1C400BA6BB7 /* ArtWorksStorage.swift in Sources */,
				74C0590A1CF20BE000BA6BB7 /* ArtWorkAnnotation.swift in Sources */,
				7471BE591CE4D9CA00D16775 /* AppDelegate.swift in Sources */,
				7471BE5B1CE4D9CA00D16775 /* ArtMapViewController.swift in Sources */,
				74C059081CF2067F00BA6BB7 /* Author.swift in Sources */,
				74C058FC1CF1C12100BA6BB7 /* ArtFetcher.swift in Sources */,
				74C059061CF1C52C00BA6BB7 /* LocationRealm.swift in Sources */,
				74C059041CF1C4D800BA6BB7 /* PhotoRealm.swift in Sources */,
				7453063B1CE5E0B500609C18 /* DetailArtObjectViewController.swift in Sources */,
				745306341CE5976C00609C18 /* ArtWork.swift in Sources */,
			);
			runOnlyForDeploymentPostprocessing = 0;
		};
		7471BE671CE4D9CA00D16775 /* Sources */ = {
			isa = PBXSourcesBuildPhase;
			buildActionMask = 2147483647;
			files = (
				7471BE701CE4D9CA00D16775 /* SwiftArtViewTests.swift in Sources */,
			);
			runOnlyForDeploymentPostprocessing = 0;
		};
		7471BE721CE4D9CA00D16775 /* Sources */ = {
			isa = PBXSourcesBuildPhase;
			buildActionMask = 2147483647;
			files = (
				7471BE7B1CE4D9CA00D16775 /* SwiftArtViewUITests.swift in Sources */,
			);
			runOnlyForDeploymentPostprocessing = 0;
		};
/* End PBXSourcesBuildPhase section */

/* Begin PBXTargetDependency section */
		7471BE6D1CE4D9CA00D16775 /* PBXTargetDependency */ = {
			isa = PBXTargetDependency;
			target = 7471BE541CE4D9CA00D16775 /* SwiftArtView */;
			targetProxy = 7471BE6C1CE4D9CA00D16775 /* PBXContainerItemProxy */;
		};
		7471BE781CE4D9CA00D16775 /* PBXTargetDependency */ = {
			isa = PBXTargetDependency;
			target = 7471BE541CE4D9CA00D16775 /* SwiftArtView */;
			targetProxy = 7471BE771CE4D9CA00D16775 /* PBXContainerItemProxy */;
		};
/* End PBXTargetDependency section */

/* Begin PBXVariantGroup section */
		7471BE5E1CE4D9CA00D16775 /* Main.storyboard */ = {
			isa = PBXVariantGroup;
			children = (
				7471BE5F1CE4D9CA00D16775 /* Base */,
			);
			name = Main.storyboard;
			sourceTree = "<group>";
		};
		7471BE631CE4D9CA00D16775 /* LaunchScreen.storyboard */ = {
			isa = PBXVariantGroup;
			children = (
				7471BE641CE4D9CA00D16775 /* Base */,
			);
			name = LaunchScreen.storyboard;
			sourceTree = "<group>";
		};
/* End PBXVariantGroup section */

/* Begin XCBuildConfiguration section */
		7471BE7D1CE4D9CA00D16775 /* Debug */ = {
			isa = XCBuildConfiguration;
			buildSettings = {
				ALWAYS_SEARCH_USER_PATHS = NO;
				CLANG_ANALYZER_NONNULL = YES;
				CLANG_CXX_LANGUAGE_STANDARD = "gnu++0x";
				CLANG_CXX_LIBRARY = "libc++";
				CLANG_ENABLE_MODULES = YES;
				CLANG_ENABLE_OBJC_ARC = YES;
				CLANG_WARN_BOOL_CONVERSION = YES;
				CLANG_WARN_CONSTANT_CONVERSION = YES;
				CLANG_WARN_DIRECT_OBJC_ISA_USAGE = YES_ERROR;
				CLANG_WARN_EMPTY_BODY = YES;
				CLANG_WARN_ENUM_CONVERSION = YES;
				CLANG_WARN_INT_CONVERSION = YES;
				CLANG_WARN_OBJC_ROOT_CLASS = YES_ERROR;
				CLANG_WARN_UNREACHABLE_CODE = YES;
				CLANG_WARN__DUPLICATE_METHOD_MATCH = YES;
				"CODE_SIGN_IDENTITY[sdk=iphoneos*]" = "iPhone Developer";
				COPY_PHASE_STRIP = NO;
				DEBUG_INFORMATION_FORMAT = dwarf;
				ENABLE_STRICT_OBJC_MSGSEND = YES;
				ENABLE_TESTABILITY = YES;
				GCC_C_LANGUAGE_STANDARD = gnu99;
				GCC_DYNAMIC_NO_PIC = NO;
				GCC_NO_COMMON_BLOCKS = YES;
				GCC_OPTIMIZATION_LEVEL = 0;
				GCC_PREPROCESSOR_DEFINITIONS = (
					"DEBUG=1",
					"$(inherited)",
				);
				GCC_WARN_64_TO_32_BIT_CONVERSION = YES;
				GCC_WARN_ABOUT_RETURN_TYPE = YES_ERROR;
				GCC_WARN_UNDECLARED_SELECTOR = YES;
				GCC_WARN_UNINITIALIZED_AUTOS = YES_AGGRESSIVE;
				GCC_WARN_UNUSED_FUNCTION = YES;
				GCC_WARN_UNUSED_VARIABLE = YES;
				IPHONEOS_DEPLOYMENT_TARGET = 9.3;
				MTL_ENABLE_DEBUG_INFO = YES;
				ONLY_ACTIVE_ARCH = YES;
				SDKROOT = iphoneos;
				SWIFT_OPTIMIZATION_LEVEL = "-Onone";
				TARGETED_DEVICE_FAMILY = "1,2";
			};
			name = Debug;
		};
		7471BE7E1CE4D9CA00D16775 /* Release */ = {
			isa = XCBuildConfiguration;
			buildSettings = {
				ALWAYS_SEARCH_USER_PATHS = NO;
				CLANG_ANALYZER_NONNULL = YES;
				CLANG_CXX_LANGUAGE_STANDARD = "gnu++0x";
				CLANG_CXX_LIBRARY = "libc++";
				CLANG_ENABLE_MODULES = YES;
				CLANG_ENABLE_OBJC_ARC = YES;
				CLANG_WARN_BOOL_CONVERSION = YES;
				CLANG_WARN_CONSTANT_CONVERSION = YES;
				CLANG_WARN_DIRECT_OBJC_ISA_USAGE = YES_ERROR;
				CLANG_WARN_EMPTY_BODY = YES;
				CLANG_WARN_ENUM_CONVERSION = YES;
				CLANG_WARN_INT_CONVERSION = YES;
				CLANG_WARN_OBJC_ROOT_CLASS = YES_ERROR;
				CLANG_WARN_UNREACHABLE_CODE = YES;
				CLANG_WARN__DUPLICATE_METHOD_MATCH = YES;
				"CODE_SIGN_IDENTITY[sdk=iphoneos*]" = "iPhone Developer";
				COPY_PHASE_STRIP = NO;
				DEBUG_INFORMATION_FORMAT = "dwarf-with-dsym";
				ENABLE_NS_ASSERTIONS = NO;
				ENABLE_STRICT_OBJC_MSGSEND = YES;
				GCC_C_LANGUAGE_STANDARD = gnu99;
				GCC_NO_COMMON_BLOCKS = YES;
				GCC_WARN_64_TO_32_BIT_CONVERSION = YES;
				GCC_WARN_ABOUT_RETURN_TYPE = YES_ERROR;
				GCC_WARN_UNDECLARED_SELECTOR = YES;
				GCC_WARN_UNINITIALIZED_AUTOS = YES_AGGRESSIVE;
				GCC_WARN_UNUSED_FUNCTION = YES;
				GCC_WARN_UNUSED_VARIABLE = YES;
				IPHONEOS_DEPLOYMENT_TARGET = 9.3;
				MTL_ENABLE_DEBUG_INFO = NO;
				SDKROOT = iphoneos;
				TARGETED_DEVICE_FAMILY = "1,2";
				VALIDATE_PRODUCT = YES;
			};
			name = Release;
		};
		7471BE801CE4D9CA00D16775 /* Debug */ = {
			isa = XCBuildConfiguration;
			baseConfigurationReference = 1ECF371FDBBA304EE156A20B /* Pods-SwiftArtView.debug.xcconfig */;
			buildSettings = {
				ASSETCATALOG_COMPILER_APPICON_NAME = AppIcon;
				CODE_SIGN_IDENTITY = "iPhone Developer";
				"CODE_SIGN_IDENTITY[sdk=iphoneos*]" = "iPhone Developer";
				INFOPLIST_FILE = SwiftArtView/Info.plist;
				LD_RUNPATH_SEARCH_PATHS = "$(inherited) @executable_path/Frameworks";
				PRODUCT_BUNDLE_IDENTIFIER = org.streetartview.SwiftArtView;
				PRODUCT_NAME = "$(TARGET_NAME)";
				PROVISIONING_PROFILE = "";
			};
			name = Debug;
		};
		7471BE811CE4D9CA00D16775 /* Release */ = {
			isa = XCBuildConfiguration;
			baseConfigurationReference = 0E867DB2E5752008E14A8BA4 /* Pods-SwiftArtView.release.xcconfig */;
			buildSettings = {
				ASSETCATALOG_COMPILER_APPICON_NAME = AppIcon;
				CODE_SIGN_IDENTITY = "iPhone Developer";
				"CODE_SIGN_IDENTITY[sdk=iphoneos*]" = "iPhone Developer";
				INFOPLIST_FILE = SwiftArtView/Info.plist;
				LD_RUNPATH_SEARCH_PATHS = "$(inherited) @executable_path/Frameworks";
				PRODUCT_BUNDLE_IDENTIFIER = org.streetartview.SwiftArtView;
				PRODUCT_NAME = "$(TARGET_NAME)";
				PROVISIONING_PROFILE = "";
			};
			name = Release;
		};
		7471BE831CE4D9CA00D16775 /* Debug */ = {
			isa = XCBuildConfiguration;
			buildSettings = {
				BUNDLE_LOADER = "$(TEST_HOST)";
				INFOPLIST_FILE = SwiftArtViewTests/Info.plist;
				LD_RUNPATH_SEARCH_PATHS = "$(inherited) @executable_path/Frameworks @loader_path/Frameworks";
				PRODUCT_BUNDLE_IDENTIFIER = org.streetartview.SwiftArtViewTests;
				PRODUCT_NAME = "$(TARGET_NAME)";
				TEST_HOST = "$(BUILT_PRODUCTS_DIR)/SwiftArtView.app/SwiftArtView";
			};
			name = Debug;
		};
		7471BE841CE4D9CA00D16775 /* Release */ = {
			isa = XCBuildConfiguration;
			buildSettings = {
				BUNDLE_LOADER = "$(TEST_HOST)";
				INFOPLIST_FILE = SwiftArtViewTests/Info.plist;
				LD_RUNPATH_SEARCH_PATHS = "$(inherited) @executable_path/Frameworks @loader_path/Frameworks";
				PRODUCT_BUNDLE_IDENTIFIER = org.streetartview.SwiftArtViewTests;
				PRODUCT_NAME = "$(TARGET_NAME)";
				TEST_HOST = "$(BUILT_PRODUCTS_DIR)/SwiftArtView.app/SwiftArtView";
			};
			name = Release;
		};
		7471BE861CE4D9CA00D16775 /* Debug */ = {
			isa = XCBuildConfiguration;
			buildSettings = {
				INFOPLIST_FILE = SwiftArtViewUITests/Info.plist;
				LD_RUNPATH_SEARCH_PATHS = "$(inherited) @executable_path/Frameworks @loader_path/Frameworks";
				PRODUCT_BUNDLE_IDENTIFIER = org.streetartview.SwiftArtViewUITests;
				PRODUCT_NAME = "$(TARGET_NAME)";
				TEST_TARGET_NAME = SwiftArtView;
			};
			name = Debug;
		};
		7471BE871CE4D9CA00D16775 /* Release */ = {
			isa = XCBuildConfiguration;
			buildSettings = {
				INFOPLIST_FILE = SwiftArtViewUITests/Info.plist;
				LD_RUNPATH_SEARCH_PATHS = "$(inherited) @executable_path/Frameworks @loader_path/Frameworks";
				PRODUCT_BUNDLE_IDENTIFIER = org.streetartview.SwiftArtViewUITests;
				PRODUCT_NAME = "$(TARGET_NAME)";
				TEST_TARGET_NAME = SwiftArtView;
			};
			name = Release;
		};
/* End XCBuildConfiguration section */

/* Begin XCConfigurationList section */
		7471BE501CE4D9CA00D16775 /* Build configuration list for PBXProject "SwiftArtView" */ = {
			isa = XCConfigurationList;
			buildConfigurations = (
				7471BE7D1CE4D9CA00D16775 /* Debug */,
				7471BE7E1CE4D9CA00D16775 /* Release */,
			);
			defaultConfigurationIsVisible = 0;
			defaultConfigurationName = Release;
		};
		7471BE7F1CE4D9CA00D16775 /* Build configuration list for PBXNativeTarget "SwiftArtView" */ = {
			isa = XCConfigurationList;
			buildConfigurations = (
				7471BE801CE4D9CA00D16775 /* Debug */,
				7471BE811CE4D9CA00D16775 /* Release */,
			);
			defaultConfigurationIsVisible = 0;
			defaultConfigurationName = Release;
		};
		7471BE821CE4D9CA00D16775 /* Build configuration list for PBXNativeTarget "SwiftArtViewTests" */ = {
			isa = XCConfigurationList;
			buildConfigurations = (
				7471BE831CE4D9CA00D16775 /* Debug */,
				7471BE841CE4D9CA00D16775 /* Release */,
			);
			defaultConfigurationIsVisible = 0;
			defaultConfigurationName = Release;
		};
		7471BE851CE4D9CA00D16775 /* Build configuration list for PBXNativeTarget "SwiftArtViewUITests" */ = {
			isa = XCConfigurationList;
			buildConfigurations = (
				7471BE861CE4D9CA00D16775 /* Debug */,
				7471BE871CE4D9CA00D16775 /* Release */,
			);
			defaultConfigurationIsVisible = 0;
			defaultConfigurationName = Release;
		};
/* End XCConfigurationList section */
	};
	rootObject = 7471BE4D1CE4D9CA00D16775 /* Project object */;
}
